
Microsoft Visual Studio Solution File, Format Version 12.00
# Visual Studio Version 17
VisualStudioVersion = 17.0.32126.317
MinimumVisualStudioVersion = 10.0.40219.1
Project("{FAE04EC0-301F-11D3-BF4B-00C04F79EFBC}") = "HRMVC", "HRMVC\HRMVC.csproj", "{75319BC0-8F4B-4309-A3E3-7F33C59AFFCC}"
EndProject
Global
	GlobalSection(SolutionConfigurationPlatforms) = preSolution
		Debug|Any CPU = Debug|Any CPU
		Release|Any CPU = Release|Any CPU
	EndGlobalSection
	GlobalSection(ProjectConfigurationPlatforms) = postSolution
		{75319BC0-8F4B-4309-A3E3-7F33C59AFFCC}.Debug|Any CPU.ActiveCfg = Debug|Any CPU
		{75319BC0-8F4B-4309-A3E3-7F33C59AFFCC}.Debug|Any CPU.Build.0 = Debug|Any CPU
		{75319BC0-8F4B-4309-A3E3-7F33C59AFFCC}.Release|Any CPU.ActiveCfg = Release|Any CPU
		{75319BC0-8F4B-4309-A3E3-7F33C59AFFCC}.Release|Any CPU.Build.0 = Release|Any CPU
	EndGlobalSection
	GlobalSection(SolutionProperties) = preSolution
		HideSolutionNode = FALSE
	EndGlobalSection
	GlobalSection(ExtensibilityGlobals) = postSolution
		SolutionGuid = {3C497282-1C38-41D8-95CB-0AC27F2ECA78}
	EndGlobalSection
EndGlobal
